Microsoft Visual Studio Solution File, Format Version 12.00
# Visual Studio 2012
Project("{FAE04EC0-301F-11D3-BF4B-00C04F79EFBC}") = "Asteroids", "Asteroids.csproj", "{BBABF00A-AAB6-4148-9473-9B1273C31CEC}"
EndProject
Global
	GlobalSection(SolutionConfigurationPlatforms) = preSolution
	Debug|Any CPU = Debug|Any CPU
	ExportDebug|Any CPU = ExportDebug|Any CPU
	ExportRelease|Any CPU = ExportRelease|Any CPU
	EndGlobalSection
	GlobalSection(ProjectConfigurationPlatforms) = postSolution
		{BBABF00A-AAB6-4148-9473-9B1273C31CEC}.Debug|Any CPU.ActiveCfg = Debug|Any CPU
		{BBABF00A-AAB6-4148-9473-9B1273C31CEC}.Debug|Any CPU.Build.0 = Debug|Any CPU
		{BBABF00A-AAB6-4148-9473-9B1273C31CEC}.ExportDebug|Any CPU.ActiveCfg = ExportDebug|Any CPU
		{BBABF00A-AAB6-4148-9473-9B1273C31CEC}.ExportDebug|Any CPU.Build.0 = ExportDebug|Any CPU
		{BBABF00A-AAB6-4148-9473-9B1273C31CEC}.ExportRelease|Any CPU.ActiveCfg = ExportRelease|Any CPU
		{BBABF00A-AAB6-4148-9473-9B1273C31CEC}.ExportRelease|Any CPU.Build.0 = ExportRelease|Any CPU
	EndGlobalSection
EndGlobal
